
Microsoft Visual Studio Solution File, Format Version 12.00
# Visual Studio 15
Project("{FAE04EC0-301F-11D3-BF4B-00C04F79EFBC}") = "Assembly-CSharp", "Assembly-CSharp.csproj", "{230A44EB-CB9F-9238-E889-28BFAA3262EF}"
EndProject
Project("{FAE04EC0-301F-11D3-BF4B-00C04F79EFBC}") = "Assembly-CSharp-firstpass", "Assembly-CSharp-firstpass.csproj", "{252D3D6C-8545-579F-CDDF-416B51CADDE5}"
EndProject
Project("{FAE04EC0-301F-11D3-BF4B-00C04F79EFBC}") = "Assembly-CSharp-Editor-firstpass", "Assembly-CSharp-Editor-firstpass.csproj", "{1A1CC54A-8ED8-5421-77A9-749F782DFC73}"
EndProject
Global
	GlobalSection(SolutionConfigurationPlatforms) = preSolution
		Debug|Any CPU = Debug|Any CPU
		Release|Any CPU = Release|Any CPU
	EndGlobalSection
	GlobalSection(ProjectConfigurationPlatforms) = postSolution
		{230A44EB-CB9F-9238-E889-28BFAA3262EF}.Debug|Any CPU.ActiveCfg = Debug|Any CPU
		{230A44EB-CB9F-9238-E889-28BFAA3262EF}.Debug|Any CPU.Build.0 = Debug|Any CPU
		{230A44EB-CB9F-9238-E889-28BFAA3262EF}.Release|Any CPU.ActiveCfg = Release|Any CPU
		{230A44EB-CB9F-9238-E889-28BFAA3262EF}.Release|Any CPU.Build.0 = Release|Any CPU
		{252D3D6C-8545-579F-CDDF-416B51CADDE5}.Debug|Any CPU.ActiveCfg = Debug|Any CPU
		{252D3D6C-8545-579F-CDDF-416B51CADDE5}.Debug|Any CPU.Build.0 = Debug|Any CPU
		{252D3D6C-8545-579F-CDDF-416B51CADDE5}.Release|Any CPU.ActiveCfg = Release|Any CPU
		{252D3D6C-8545-579F-CDDF-416B51CADDE5}.Release|Any CPU.Build.0 = Release|Any CPU
		{1A1CC54A-8ED8-5421-77A9-749F782DFC73}.Debug|Any CPU.ActiveCfg = Debug|Any CPU
		{1A1CC54A-8ED8-5421-77A9-749F782DFC73}.Debug|Any CPU.Build.0 = Debug|Any CPU
		{1A1CC54A-8ED8-5421-77A9-749F782DFC73}.Release|Any CPU.ActiveCfg = Release|Any CPU
		{1A1CC54A-8ED8-5421-77A9-749F782DFC73}.Release|Any CPU.Build.0 = Release|Any CPU
	EndGlobalSection
	GlobalSection(SolutionProperties) = preSolution
		HideSolutionNode = FALSE
	EndGlobalSection
EndGlobal
